
Microsoft Visual Studio Solution File, Format Version 12.00
# Visual Studio Version 17
VisualStudioVersion = 17.14.36414.22
MinimumVisualStudioVersion = 10.0.40219.1
Project("{2150E333-8FDC-42A3-9474-1A3956D46DE8}") = "Task0", "Task0", "{02EA681E-C7D8-13C7-8484-4AC65E1B71E8}"
EndProject
Project("{FAE04EC0-301F-11D3-BF4B-00C04F79EFBC}") = "Tyuiu.DolganovAV.Sprint0.Task0.V0", "Tyuiu.DolganovAV.Sprint0.Task0.V0\Tyuiu.DolganovAV.Sprint0.Task0.V0.csproj", "{67903B6D-BF95-42BD-AE15-4CA8194792A9}"
EndProject
Project("{2150E333-8FDC-42A3-9474-1A3956D46DE8}") = "Task1", "Task1", "{0F800BA7-AB31-4C7D-ACAB-4F46129C744C}"
EndProject
Project("{FAE04EC0-301F-11D3-BF4B-00C04F79EFBC}") = "Tyuiu.DolganovAV.Sprint0.Task1.V0", "Tyuiu.DolganovAV.Sprint0.Task1.V0\Tyuiu.DolganovAV.Sprint0.Task1.V0.csproj", "{57294E64-A24F-4A78-9F99-049A6FE4BC5A}"
EndProject
Project("{2150E333-8FDC-42A3-9474-1A3956D46DE8}") = "Task2", "Task2", "{390D1C32-3E9E-4E89-BC8A-B77335113F33}"
EndProject
Project("{FAE04EC0-301F-11D3-BF4B-00C04F79EFBC}") = "Tyuiu.DolganovAV.Sprint0.Task2.V0", "Tyuiu.DolganovAV.Sprint0.Task2.V0\Tyuiu.DolganovAV.Sprint0.Task2.V0.csproj", "{AADCF1BC-AA85-401D-97F9-E36E1BFC7ED3}"
EndProject
Project("{FAE04EC0-301F-11D3-BF4B-00C04F79EFBC}") = "Tyuiu.DolganovAV.Sprint0.Task2.V0.Lib", "Tyuiu.DolganovAV.Sprint0.Task2.V0.Lib\Tyuiu.DolganovAV.Sprint0.Task2.V0.Lib.csproj", "{5CD5F9F8-EAFE-4F05-9952-B86841CDEF4F}"
EndProject
Project("{FAE04EC0-301F-11D3-BF4B-00C04F79EFBC}") = "Tyuiu.DolganovAV.Sprint0.Task2.V0.Test", "Tyuiu.DolganovAV.Sprint0.Task2.V0.Test\Tyuiu.DolganovAV.Sprint0.Task2.V0.Test.csproj", "{D85D0B85-F036-42B0-943F-FFEEF156BE12}"
EndProject
Project("{2150E333-8FDC-42A3-9474-1A3956D46DE8}") = "Task3", "Task3", "{49CD1877-6C7A-4D7B-A8E6-F3ACEBD2EAA2}"
EndProject
Project("{FAE04EC0-301F-11D3-BF4B-00C04F79EFBC}") = "Tyuiu.DolganovAV.Sprint0.Task3.V0", "Tyuiu.DolganovAV.Sprint0.Task3.V0\Tyuiu.DolganovAV.Sprint0.Task3.V0.csproj", "{1BB9DC44-D0D1-4371-BEBF-D072CC7B5966}"
EndProject
Project("{FAE04EC0-301F-11D3-BF4B-00C04F79EFBC}") = "Tyuiu.DolganovAV.Sprint0.Task3.V0.Lib", "Tyuiu.DolganovAV.Sprint0.Task3.V0.Lib\Tyuiu.DolganovAV.Sprint0.Task3.V0.Lib.csproj", "{1B200C8D-5BE7-41A4-8E67-3EF56F906A47}"
EndProject
Project("{FAE04EC0-301F-11D3-BF4B-00C04F79EFBC}") = "Tyuiu.DolganovAV.Sprint0.Task3.V0.Test", "Tyuiu.DolganovAV.Sprint0.Task3.V0.Test\Tyuiu.DolganovAV.Sprint0.Task3.V0.Test.csproj", "{AC42D53E-39CA-438B-8255-108B86944154}"
EndProject
Global
	GlobalSection(SolutionConfigurationPlatforms) = preSolution
		Debug|Any CPU = Debug|Any CPU
		Release|Any CPU = Release|Any CPU
	EndGlobalSection
	GlobalSection(ProjectConfigurationPlatforms) = postSolution
		{67903B6D-BF95-42BD-AE15-4CA8194792A9}.Debug|Any CPU.ActiveCfg = Debug|Any CPU
		{67903B6D-BF95-42BD-AE15-4CA8194792A9}.Debug|Any CPU.Build.0 = Debug|Any CPU
		{67903B6D-BF95-42BD-AE15-4CA8194792A9}.Release|Any CPU.ActiveCfg = Release|Any CPU
		{67903B6D-BF95-42BD-AE15-4CA8194792A9}.Release|Any CPU.Build.0 = Release|Any CPU
		{57294E64-A24F-4A78-9F99-049A6FE4BC5A}.Debug|Any CPU.ActiveCfg = Debug|Any CPU
		{57294E64-A24F-4A78-9F99-049A6FE4BC5A}.Debug|Any CPU.Build.0 = Debug|Any CPU
		{57294E64-A24F-4A78-9F99-049A6FE4BC5A}.Release|Any CPU.ActiveCfg = Release|Any CPU
		{57294E64-A24F-4A78-9F99-049A6FE4BC5A}.Release|Any CPU.Build.0 = Release|Any CPU
		{AADCF1BC-AA85-401D-97F9-E36E1BFC7ED3}.Debug|Any CPU.ActiveCfg = Debug|Any CPU
		{AADCF1BC-AA85-401D-97F9-E36E1BFC7ED3}.Debug|Any CPU.Build.0 = Debug|Any CPU
		{AADCF1BC-AA85-401D-97F9-E36E1BFC7ED3}.Release|Any CPU.ActiveCfg = Release|Any CPU
		{AADCF1BC-AA85-401D-97F9-E36E1BFC7ED3}.Release|Any CPU.Build.0 = Release|Any CPU
		{5CD5F9F8-EAFE-4F05-9952-B86841CDEF4F}.Debug|Any CPU.ActiveCfg = Debug|Any CPU
		{5CD5F9F8-EAFE-4F05-9952-B86841CDEF4F}.Debug|Any CPU.Build.0 = Debug|Any CPU
		{5CD5F9F8-EAFE-4F05-9952-B86841CDEF4F}.Release|Any CPU.ActiveCfg = Release|Any CPU
		{5CD5F9F8-EAFE-4F05-9952-B86841CDEF4F}.Release|Any CPU.Build.0 = Release|Any CPU
		{D85D0B85-F036-42B0-943F-FFEEF156BE12}.Debug|Any CPU.ActiveCfg = Debug|Any CPU
		{D85D0B85-F036-42B0-943F-FFEEF156BE12}.Debug|Any CPU.Build.0 = Debug|Any CPU
		{D85D0B85-F036-42B0-943F-FFEEF156BE12}.Release|Any CPU.ActiveCfg = Release|Any CPU
		{D85D0B85-F036-42B0-943F-FFEEF156BE12}.Release|Any CPU.Build.0 = Release|Any CPU
		{1BB9DC44-D0D1-4371-BEBF-D072CC7B5966}.Debug|Any CPU.ActiveCfg = Debug|Any CPU
		{1BB9DC44-D0D1-4371-BEBF-D072CC7B5966}.Debug|Any CPU.Build.0 = Debug|Any CPU
		{1BB9DC44-D0D1-4371-BEBF-D072CC7B5966}.Release|Any CPU.ActiveCfg = Release|Any CPU
		{1BB9DC44-D0D1-4371-BEBF-D072CC7B5966}.Release|Any CPU.Build.0 = Release|Any CPU
		{1B200C8D-5BE7-41A4-8E67-3EF56F906A47}.Debug|Any CPU.ActiveCfg = Debug|Any CPU
		{1B200C8D-5BE7-41A4-8E67-3EF56F906A47}.Debug|Any CPU.Build.0 = Debug|Any CPU
		{1B200C8D-5BE7-41A4-8E67-3EF56F906A47}.Release|Any CPU.ActiveCfg = Release|Any CPU
		{1B200C8D-5BE7-41A4-8E67-3EF56F906A47}.Release|Any CPU.Build.0 = Release|Any CPU
		{AC42D53E-39CA-438B-8255-108B86944154}.Debug|Any CPU.ActiveCfg = Debug|Any CPU
		{AC42D53E-39CA-438B-8255-108B86944154}.Debug|Any CPU.Build.0 = Debug|Any CPU
		{AC42D53E-39CA-438B-8255-108B86944154}.Release|Any CPU.ActiveCfg = Release|Any CPU
		{AC42D53E-39CA-438B-8255-108B86944154}.Release|Any CPU.Build.0 = Release|Any CPU
	EndGlobalSection
	GlobalSection(SolutionProperties) = preSolution
		HideSolutionNode = FALSE
	EndGlobalSection
	GlobalSection(NestedProjects) = preSolution
		{67903B6D-BF95-42BD-AE15-4CA8194792A9} = {02EA681E-C7D8-13C7-8484-4AC65E1B71E8}
		{57294E64-A24F-4A78-9F99-049A6FE4BC5A} = {0F800BA7-AB31-4C7D-ACAB-4F46129C744C}
		{AADCF1BC-AA85-401D-97F9-E36E1BFC7ED3} = {390D1C32-3E9E-4E89-BC8A-B77335113F33}
		{5CD5F9F8-EAFE-4F05-9952-B86841CDEF4F} = {390D1C32-3E9E-4E89-BC8A-B77335113F33}
		{D85D0B85-F036-42B0-943F-FFEEF156BE12} = {390D1C32-3E9E-4E89-BC8A-B77335113F33}
		{1BB9DC44-D0D1-4371-BEBF-D072CC7B5966} = {49CD1877-6C7A-4D7B-A8E6-F3ACEBD2EAA2}
		{1B200C8D-5BE7-41A4-8E67-3EF56F906A47} = {49CD1877-6C7A-4D7B-A8E6-F3ACEBD2EAA2}
		{AC42D53E-39CA-438B-8255-108B86944154} = {49CD1877-6C7A-4D7B-A8E6-F3ACEBD2EAA2}
	EndGlobalSection
	GlobalSection(ExtensibilityGlobals) = postSolution
		SolutionGuid = {8D14F992-9C65-4435-AEB1-3DFC5C087273}
	EndGlobalSection
EndGlobal
